
Microsoft Visual Studio Solution File, Format Version 12.00
# Visual Studio Version 16
VisualStudioVersion = 16.0.29806.167
MinimumVisualStudioVersion = 10.0.40219.1
Project("{8BC9CEB8-8B4A-11D0-8D11-00A0C91BC942}") = "Task1", "Task1\Task1.vcxproj", "{D5DED2FE-51AF-4A00-B37B-300417ED564D}"
EndProject
Project("{2150E333-8FDC-42A3-9474-1A3956D46DE8}") = "Solution Items", "Solution Items", "{B6491769-0300-45EB-BCEB-144951244EE0}"
	ProjectSection(SolutionItems) = preProject
		INFO.txt = INFO.txt
	EndProjectSection
EndProject
Project("{8BC9CEB8-8B4A-11D0-8D11-00A0C91BC942}") = "Task2.1", "Task2.1\Task2.1.vcxproj", "{F20A52DE-77BF-499B-B9EE-5F9E0C00C2C6}"
EndProject
Project("{8BC9CEB8-8B4A-11D0-8D11-00A0C91BC942}") = "Task2.2", "Task2.2\Task2.2.vcxproj", "{77B25976-701A-47CB-BFC9-2F9533351CC7}"
EndProject
Project("{8BC9CEB8-8B4A-11D0-8D11-00A0C91BC942}") = "Task3", "Task3\Task3.vcxproj", "{0129247C-800E-48F8-AE50-E13539726150}"
EndProject
Project("{8BC9CEB8-8B4A-11D0-8D11-00A0C91BC942}") = "Task4", "Task4\Task4.vcxproj", "{5C320961-46F0-418E-B35A-F7EF1EBC4282}"
EndProject
Project("{8BC9CEB8-8B4A-11D0-8D11-00A0C91BC942}") = "Task5", "Task5\Task5.vcxproj", "{92169D6E-DC8D-47AC-B740-BEAC781913CA}"
EndProject
Project("{8BC9CEB8-8B4A-11D0-8D11-00A0C91BC942}") = "Task6", "Task6\Task6.vcxproj", "{678447D4-8D02-4F9F-A42A-895D7E005992}"
EndProject
Project("{8BC9CEB8-8B4A-11D0-8D11-00A0C91BC942}") = "Task7", "Task7\Task7.vcxproj", "{BF85B34D-0154-4410-A53D-01927FF23CF9}"
EndProject
Project("{8BC9CEB8-8B4A-11D0-8D11-00A0C91BC942}") = "Task8", "Task8\Task8.vcxproj", "{15E567BB-1A1E-445C-BE51-8DACCBAC4941}"
EndProject
Project("{8BC9CEB8-8B4A-11D0-8D11-00A0C91BC942}") = "Task9", "Task9\Task9.vcxproj", "{B0A49D30-7421-4704-B1C7-DE5AAF18260F}"
EndProject
Project("{8BC9CEB8-8B4A-11D0-8D11-00A0C91BC942}") = "zTask10", "zTask10\zTask10.vcxproj", "{5F1DA967-11EA-4EC6-B679-835DB9F48138}"
EndProject
Project("{8BC9CEB8-8B4A-11D0-8D11-00A0C91BC942}") = "zTask11", "zTask11\zTask11.vcxproj", "{AC6C45E9-3C35-4EF8-9A91-473164F78092}"
EndProject
Project("{8BC9CEB8-8B4A-11D0-8D11-00A0C91BC942}") = "zTask12", "zTask12\zTask12.vcxproj", "{A8CA285A-FF9D-4430-956A-8634981CE293}"
EndProject
Global
	GlobalSection(SolutionConfigurationPlatforms) = preSolution
		Debug|x64 = Debug|x64
		Debug|x86 = Debug|x86
		Release|x64 = Release|x64
		Release|x86 = Release|x86
	EndGlobalSection
	GlobalSection(ProjectConfigurationPlatforms) = postSolution
		{D5DED2FE-51AF-4A00-B37B-300417ED564D}.Debug|x64.ActiveCfg = Debug|x64
		{D5DED2FE-51AF-4A00-B37B-300417ED564D}.Debug|x64.Build.0 = Debug|x64
		{D5DED2FE-51AF-4A00-B37B-300417ED564D}.Debug|x86.ActiveCfg = Debug|Win32
		{D5DED2FE-51AF-4A00-B37B-300417ED564D}.Debug|x86.Build.0 = Debug|Win32
		{D5DED2FE-51AF-4A00-B37B-300417ED564D}.Release|x64.ActiveCfg = Release|x64
		{D5DED2FE-51AF-4A00-B37B-300417ED564D}.Release|x64.Build.0 = Release|x64
		{D5DED2FE-51AF-4A00-B37B-300417ED564D}.Release|x86.ActiveCfg = Release|Win32
		{D5DED2FE-51AF-4A00-B37B-300417ED564D}.Release|x86.Build.0 = Release|Win32
		{F20A52DE-77BF-499B-B9EE-5F9E0C00C2C6}.Debug|x64.ActiveCfg = Debug|x64
		{F20A52DE-77BF-499B-B9EE-5F9E0C00C2C6}.Debug|x64.Build.0 = Debug|x64
		{F20A52DE-77BF-499B-B9EE-5F9E0C00C2C6}.Debug|x86.ActiveCfg = Debug|Win32
		{F20A52DE-77BF-499B-B9EE-5F9E0C00C2C6}.Debug|x86.Build.0 = Debug|Win32
		{F20A52DE-77BF-499B-B9EE-5F9E0C00C2C6}.Release|x64.ActiveCfg = Release|x64
		{F20A52DE-77BF-499B-B9EE-5F9E0C00C2C6}.Release|x64.Build.0 = Release|x64
		{F20A52DE-77BF-499B-B9EE-5F9E0C00C2C6}.Release|x86.ActiveCfg = Release|Win32
		{F20A52DE-77BF-499B-B9EE-5F9E0C00C2C6}.Release|x86.Build.0 = Release|Win32
		{77B25976-701A-47CB-BFC9-2F9533351CC7}.Debug|x64.ActiveCfg = Debug|x64
		{77B25976-701A-47CB-BFC9-2F9533351CC7}.Debug|x64.Build.0 = Debug|x64
		{77B25976-701A-47CB-BFC9-2F9533351CC7}.Debug|x86.ActiveCfg = Debug|Win32
		{77B25976-701A-47CB-BFC9-2F9533351CC7}.Debug|x86.Build.0 = Debug|Win32
		{77B25976-701A-47CB-BFC9-2F9533351CC7}.Release|x64.ActiveCfg = Release|x64
		{77B25976-701A-47CB-BFC9-2F9533351CC7}.Release|x64.Build.0 = Release|x64
		{77B25976-701A-47CB-BFC9-2F9533351CC7}.Release|x86.ActiveCfg = Release|Win32
		{77B25976-701A-47CB-BFC9-2F9533351CC7}.Release|x86.Build.0 = Release|Win32
		{0129247C-800E-48F8-AE50-E13539726150}.Debug|x64.ActiveCfg = Debug|x64
		{0129247C-800E-48F8-AE50-E13539726150}.Debug|x64.Build.0 = Debug|x64
		{0129247C-800E-48F8-AE50-E13539726150}.Debug|x86.ActiveCfg = Debug|Win32
		{0129247C-800E-48F8-AE50-E13539726150}.Debug|x86.Build.0 = Debug|Win32
		{0129247C-800E-48F8-AE50-E13539726150}.Release|x64.ActiveCfg = Release|x64
		{0129247C-800E-48F8-AE50-E13539726150}.Release|x64.Build.0 = Release|x64
		{0129247C-800E-48F8-AE50-E13539726150}.Release|x86.ActiveCfg = Release|Win32
		{0129247C-800E-48F8-AE50-E13539726150}.Release|x86.Build.0 = Release|Win32
		{5C320961-46F0-418E-B35A-F7EF1EBC4282}.Debug|x64.ActiveCfg = Debug|x64
		{5C320961-46F0-418E-B35A-F7EF1EBC4282}.Debug|x64.Build.0 = Debug|x64
		{5C320961-46F0-418E-B35A-F7EF1EBC4282}.Debug|x86.ActiveCfg = Debug|Win32
		{5C320961-46F0-418E-B35A-F7EF1EBC4282}.Debug|x86.Build.0 = Debug|Win32
		{5C320961-46F0-418E-B35A-F7EF1EBC4282}.Release|x64.ActiveCfg = Release|x64
		{5C320961-46F0-418E-B35A-F7EF1EBC4282}.Release|x64.Build.0 = Release|x64
		{5C320961-46F0-418E-B35A-F7EF1EBC4282}.Release|x86.ActiveCfg = Release|Win32
		{5C320961-46F0-418E-B35A-F7EF1EBC4282}.Release|x86.Build.0 = Release|Win32
		{92169D6E-DC8D-47AC-B740-BEAC781913CA}.Debug|x64.ActiveCfg = Debug|x64
		{92169D6E-DC8D-47AC-B740-BEAC781913CA}.Debug|x64.Build.0 = Debug|x64
		{92169D6E-DC8D-47AC-B740-BEAC781913CA}.Debug|x86.ActiveCfg = Debug|Win32
		{92169D6E-DC8D-47AC-B740-BEAC781913CA}.Debug|x86.Build.0 = Debug|Win32
		{92169D6E-DC8D-47AC-B740-BEAC781913CA}.Release|x64.ActiveCfg = Release|x64
		{92169D6E-DC8D-47AC-B740-BEAC781913CA}.Release|x64.Build.0 = Release|x64
		{92169D6E-DC8D-47AC-B740-BEAC781913CA}.Release|x86.ActiveCfg = Release|Win32
		{92169D6E-DC8D-47AC-B740-BEAC781913CA}.Release|x86.Build.0 = Release|Win32
		{678447D4-8D02-4F9F-A42A-895D7E005992}.Debug|x64.ActiveCfg = Debug|x64
		{678447D4-8D02-4F9F-A42A-895D7E005992}.Debug|x64.Build.0 = Debug|x64
		{678447D4-8D02-4F9F-A42A-895D7E005992}.Debug|x86.ActiveCfg = Debug|Win32
		{678447D4-8D02-4F9F-A42A-895D7E005992}.Debug|x86.Build.0 = Debug|Win32
		{678447D4-8D02-4F9F-A42A-895D7E005992}.Release|x64.ActiveCfg = Release|x64
		{678447D4-8D02-4F9F-A42A-895D7E005992}.Release|x64.Build.0 = Release|x64
		{678447D4-8D02-4F9F-A42A-895D7E005992}.Release|x86.ActiveCfg = Release|Win32
		{678447D4-8D02-4F9F-A42A-895D7E005992}.Release|x86.Build.0 = Release|Win32
		{BF85B34D-0154-4410-A53D-01927FF23CF9}.Debug|x64.ActiveCfg = Debug|x64
		{BF85B34D-0154-4410-A53D-01927FF23CF9}.Debug|x64.Build.0 = Debug|x64
		{BF85B34D-0154-4410-A53D-01927FF23CF9}.Debug|x86.ActiveCfg = Debug|Win32
		{BF85B34D-0154-4410-A53D-01927FF23CF9}.Debug|x86.Build.0 = Debug|Win32
		{BF85B34D-0154-4410-A53D-01927FF23CF9}.Release|x64.ActiveCfg = Release|x64
		{BF85B34D-0154-4410-A53D-01927FF23CF9}.Release|x64.Build.0 = Release|x64
		{BF85B34D-0154-4410-A53D-01927FF23CF9}.Release|x86.ActiveCfg = Release|Win32
		{BF85B34D-0154-4410-A53D-01927FF23CF9}.Release|x86.Build.0 = Release|Win32
		{15E567BB-1A1E-445C-BE51-8DACCBAC4941}.Debug|x64.ActiveCfg = Debug|x64
		{15E567BB-1A1E-445C-BE51-8DACCBAC4941}.Debug|x64.Build.0 = Debug|x64
		{15E567BB-1A1E-445C-BE51-8DACCBAC4941}.Debug|x86.ActiveCfg = Debug|Win32
		{15E567BB-1A1E-445C-BE51-8DACCBAC4941}.Debug|x86.Build.0 = Debug|Win32
		{15E567BB-1A1E-445C-BE51-8DACCBAC4941}.Release|x64.ActiveCfg = Release|x64
		{15E567BB-1A1E-445C-BE51-8DACCBAC4941}.Release|x64.Build.0 = Release|x64
		{15E567BB-1A1E-445C-BE51-8DACCBAC4941}.Release|x86.ActiveCfg = Release|Win32
		{15E567BB-1A1E-445C-BE51-8DACCBAC4941}.Release|x86.Build.0 = Release|Win32
		{B0A49D30-7421-4704-B1C7-DE5AAF18260F}.Debug|x64.ActiveCfg = Debug|x64
		{B0A49D30-7421-4704-B1C7-DE5AAF18260F}.Debug|x64.Build.0 = Debug|x64
		{B0A49D30-7421-4704-B1C7-DE5AAF18260F}.Debug|x86.ActiveCfg = Debug|Win32
		{B0A49D30-7421-4704-B1C7-DE5AAF18260F}.Debug|x86.Build.0 = Debug|Win32
		{B0A49D30-7421-4704-B1C7-DE5AAF18260F}.Release|x64.ActiveCfg = Release|x64
		{B0A49D30-7421-4704-B1C7-DE5AAF18260F}.Release|x64.Build.0 = Release|x64
		{B0A49D30-7421-4704-B1C7-DE5AAF18260F}.Release|x86.ActiveCfg = Release|Win32
		{B0A49D30-7421-4704-B1C7-DE5AAF18260F}.Release|x86.Build.0 = Release|Win32
		{5F1DA967-11EA-4EC6-B679-835DB9F48138}.Debug|x64.ActiveCfg = Debug|x64
		{5F1DA967-11EA-4EC6-B679-835DB9F48138}.Debug|x64.Build.0 = Debug|x64
		{5F1DA967-11EA-4EC6-B679-835DB9F48138}.Debug|x86.ActiveCfg = Debug|Win32
		{5F1DA967-11EA-4EC6-B679-835DB9F48138}.Debug|x86.Build.0 = Debug|Win32
		{5F1DA967-11EA-4EC6-B679-835DB9F48138}.Release|x64.ActiveCfg = Release|x64
		{5F1DA967-11EA-4EC6-B679-835DB9F48138}.Release|x64.Build.0 = Release|x64
		{5F1DA967-11EA-4EC6-B679-835DB9F48138}.Release|x86.ActiveCfg = Release|Win32
		{5F1DA967-11EA-4EC6-B679-835DB9F48138}.Release|x86.Build.0 = Release|Win32
		{AC6C45E9-3C35-4EF8-9A91-473164F78092}.Debug|x64.ActiveCfg = Debug|x64
		{AC6C45E9-3C35-4EF8-9A91-473164F78092}.Debug|x64.Build.0 = Debug|x64
		{AC6C45E9-3C35-4EF8-9A91-473164F78092}.Debug|x86.ActiveCfg = Debug|Win32
		{AC6C45E9-3C35-4EF8-9A91-473164F78092}.Debug|x86.Build.0 = Debug|Win32
		{AC6C45E9-3C35-4EF8-9A91-473164F78092}.Release|x64.ActiveCfg = Release|x64
		{AC6C45E9-3C35-4EF8-9A91-473164F78092}.Release|x64.Build.0 = Release|x64
		{AC6C45E9-3C35-4EF8-9A91-473164F78092}.Release|x86.ActiveCfg = Release|Win32
		{AC6C45E9-3C35-4EF8-9A91-473164F78092}.Release|x86.Build.0 = Release|Win32
		{A8CA285A-FF9D-4430-956A-8634981CE293}.Debug|x64.ActiveCfg = Debug|x64
		{A8CA285A-FF9D-4430-956A-8634981CE293}.Debug|x64.Build.0 = Debug|x64
		{A8CA285A-FF9D-4430-956A-8634981CE293}.Debug|x86.ActiveCfg = Debug|Win32
		{A8CA285A-FF9D-4430-956A-8634981CE293}.Debug|x86.Build.0 = Debug|Win32
		{A8CA285A-FF9D-4430-956A-8634981CE293}.Release|x64.ActiveCfg = Release|x64
		{A8CA285A-FF9D-4430-956A-8634981CE293}.Release|x64.Build.0 = Release|x64
		{A8CA285A-FF9D-4430-956A-8634981CE293}.Release|x86.ActiveCfg = Release|Win32
		{A8CA285A-FF9D-4430-956A-8634981CE293}.Release|x86.Build.0 = Release|Win32
	EndGlobalSection
	GlobalSection(SolutionProperties) = preSolution
		HideSolutionNode = FALSE
	EndGlobalSection
	GlobalSection(ExtensibilityGlobals) = postSolution
		SolutionGuid = {8519F605-EE16-4F52-947C-8B156959EEBF}
	EndGlobalSection
EndGlobal
